// !$*UTF8*$!
{
	archiveVersion = 1;
	classes = {
	};
	objectVersion = 50;
	objects = {

/* Begin PBXBuildFile section */
		3D5B0D8C2437456600E461DC /* AppDelegate.swift in Sources */ = {isa = PBXBuildFile; fileRef = 3D5B0D8B2437456600E461DC /* AppDelegate.swift */; };
		3D5B0D952437456700E461DC /* Assets.xcassets in Resources */ = {isa = PBXBuildFile; fileRef = 3D5B0D942437456700E461DC /* Assets.xcassets */; };
		3D5B0D982437456700E461DC /* LaunchScreen.storyboard in Resources */ = {isa = PBXBuildFile; fileRef = 3D5B0D962437456700E461DC /* LaunchScreen.storyboard */; };
		3D5B0DA124374CA400E461DC /* RedditAPI.swift in Sources */ = {isa = PBXBuildFile; fileRef = 3D5B0DA024374CA400E461DC /* RedditAPI.swift */; };
		3D5B0DA7243760CD00E461DC /* PostModel.swift in Sources */ = {isa = PBXBuildFile; fileRef = 3D5B0DA6243760CD00E461DC /* PostModel.swift */; };
		3D5B0DAA24376C4600E461DC /* PostsViewController.swift in Sources */ = {isa = PBXBuildFile; fileRef = 3D5B0DA824376C4600E461DC /* PostsViewController.swift */; };
		3D5B0DAB24376C4600E461DC /* PostsViewController.xib in Resources */ = {isa = PBXBuildFile; fileRef = 3D5B0DA924376C4600E461DC /* PostsViewController.xib */; };
		3D5B0DAF2437793F00E461DC /* PostCell.swift in Sources */ = {isa = PBXBuildFile; fileRef = 3D5B0DAD2437793F00E461DC /* PostCell.swift */; };
		3D5B0DB02437793F00E461DC /* PostCell.xib in Resources */ = {isa = PBXBuildFile; fileRef = 3D5B0DAE2437793F00E461DC /* PostCell.xib */; };
		3D5B0DB3243779A200E461DC /* UITableView.swift in Sources */ = {isa = PBXBuildFile; fileRef = 3D5B0DB2243779A200E461DC /* UITableView.swift */; };
		3D5B0DB524377BEC00E461DC /* Collection.swift in Sources */ = {isa = PBXBuildFile; fileRef = 3D5B0DB424377BEC00E461DC /* Collection.swift */; };
		3D5B0DB824377D1700E461DC /* Int.swift in Sources */ = {isa = PBXBuildFile; fileRef = 3D5B0DB724377D1700E461DC /* Int.swift */; };
		3D5B0DBA2437800900E461DC /* UIImage.swift in Sources */ = {isa = PBXBuildFile; fileRef = 3D5B0DB92437800900E461DC /* UIImage.swift */; };
		3D5B0DBC243780BF00E461DC /* String.swift in Sources */ = {isa = PBXBuildFile; fileRef = 3D5B0DBB243780BF00E461DC /* String.swift */; };
		3D5B0DC224379A5000E461DC /* PreviewImageViewController.swift in Sources */ = {isa = PBXBuildFile; fileRef = 3D5B0DC024379A5000E461DC /* PreviewImageViewController.swift */; };
		3D5B0DC324379A5000E461DC /* PreviewImageViewController.xib in Resources */ = {isa = PBXBuildFile; fileRef = 3D5B0DC124379A5000E461DC /* PreviewImageViewController.xib */; };
		3D5B0DC52437A10200E461DC /* UIViewController.swift in Sources */ = {isa = PBXBuildFile; fileRef = 3D5B0DC42437A10200E461DC /* UIViewController.swift */; };
		3D5B0DC72437A18E00E461DC /* RootNavigationController.swift in Sources */ = {isa = PBXBuildFile; fileRef = 3D5B0DC62437A18E00E461DC /* RootNavigationController.swift */; };
		3D5B0DC92437A2E600E461DC /* FadeTransitionAnimator.swift in Sources */ = {isa = PBXBuildFile; fileRef = 3D5B0DC82437A2E600E461DC /* FadeTransitionAnimator.swift */; };
		3D5B0DCB2437A46A00E461DC /* App.swift in Sources */ = {isa = PBXBuildFile; fileRef = 3D5B0DCA2437A46A00E461DC /* App.swift */; };
		3D5B0DCD2437A94F00E461DC /* ImageLoadService.swift in Sources */ = {isa = PBXBuildFile; fileRef = 3D5B0DCC2437A94F00E461DC /* ImageLoadService.swift */; };
		3DAC33B5243875EF00D4BDDD /* URL.swift in Sources */ = {isa = PBXBuildFile; fileRef = 3DAC33B4243875EF00D4BDDD /* URL.swift */; };
		3DAC33B72438787300D4BDDD /* Date.swift in Sources */ = {isa = PBXBuildFile; fileRef = 3DAC33B62438787300D4BDDD /* Date.swift */; };
		3DAC33B924387FDC00D4BDDD /* TopPostsViewModel.swift in Sources */ = {isa = PBXBuildFile; fileRef = 3DAC33B824387FDC00D4BDDD /* TopPostsViewModel.swift */; };
		3DAC33BE2438A34100D4BDDD /* Loadable.swift in Sources */ = {isa = PBXBuildFile; fileRef = 3DAC33BD2438A34100D4BDDD /* Loadable.swift */; };
		3DAC33C02438C55B00D4BDDD /* PropertyWrapper.swift in Sources */ = {isa = PBXBuildFile; fileRef = 3DAC33BF2438C55B00D4BDDD /* PropertyWrapper.swift */; };
		3DAC33C22438C59500D4BDDD /* Typealiases.swift in Sources */ = {isa = PBXBuildFile; fileRef = 3DAC33C12438C59500D4BDDD /* Typealiases.swift */; };
		3DAC33C52438C60400D4BDDD /* ImageSaveManager.swift in Sources */ = {isa = PBXBuildFile; fileRef = 3DAC33C42438C60400D4BDDD /* ImageSaveManager.swift */; };
/* End PBXBuildFile section */

/* Begin PBXFileReference section */
		3D5B0D882437456600E461DC /* RedditTest.app */ = {isa = PBXFileReference; explicitFileType = wrapper.application; includeInIndex = 0; path = RedditTest.app; sourceTree = BUILT_PRODUCTS_DIR; };
		3D5B0D8B2437456600E461DC /* AppDelegate.swift */ = {isa = PBXFileReference; lastKnownFileType = sourcecode.swift; path = AppDelegate.swift; sourceTree = "<group>"; };
		3D5B0D942437456700E461DC /* Assets.xcassets */ = {isa = PBXFileReference; lastKnownFileType = folder.assetcatalog; path = Assets.xcassets; sourceTree = "<group>"; };
		3D5B0D972437456700E461DC /* Base */ = {isa = PBXFileReference; lastKnownFileType = file.storyboard; name = Base; path = Base.lproj/LaunchScreen.storyboard; sourceTree = "<group>"; };
		3D5B0D992437456700E461DC /* Info.plist */ = {isa = PBXFileReference; lastKnownFileType = text.plist.xml; path = Info.plist; sourceTree = "<group>"; };
		3D5B0DA024374CA400E461DC /* RedditAPI.swift */ = {isa = PBXFileReference; lastKnownFileType = sourcecode.swift; path = RedditAPI.swift; sourceTree = "<group>"; };
		3D5B0DA6243760CD00E461DC /* PostModel.swift */ = {isa = PBXFileReference; lastKnownFileType = sourcecode.swift; path = PostModel.swift; sourceTree = "<group>"; };
		3D5B0DA824376C4600E461DC /* PostsViewController.swift */ = {isa = PBXFileReference; lastKnownFileType = sourcecode.swift; path = PostsViewController.swift; sourceTree = "<group>"; };
		3D5B0DA924376C4600E461DC /* PostsViewController.xib */ = {isa = PBXFileReference; lastKnownFileType = file.xib; path = PostsViewController.xib; sourceTree = "<group>"; };
		3D5B0DAD2437793F00E461DC /* PostCell.swift */ = {isa = PBXFileReference; lastKnownFileType = sourcecode.swift; path = PostCell.swift; sourceTree = "<group>"; };
		3D5B0DAE2437793F00E461DC /* PostCell.xib */ = {isa = PBXFileReference; lastKnownFileType = file.xib; path = PostCell.xib; sourceTree = "<group>"; };
		3D5B0DB2243779A200E461DC /* UITableView.swift */ = {isa = PBXFileReference; lastKnownFileType = sourcecode.swift; path = UITableView.swift; sourceTree = "<group>"; };
		3D5B0DB424377BEC00E461DC /* Collection.swift */ = {isa = PBXFileReference; lastKnownFileType = sourcecode.swift; path = Collection.swift; sourceTree = "<group>"; };
		3D5B0DB724377D1700E461DC /* Int.swift */ = {isa = PBXFileReference; lastKnownFileType = sourcecode.swift; path = Int.swift; sourceTree = "<group>"; };
		3D5B0DB92437800900E461DC /* UIImage.swift */ = {isa = PBXFileReference; lastKnownFileType = sourcecode.swift; path = UIImage.swift; sourceTree = "<group>"; };
		3D5B0DBB243780BF00E461DC /* String.swift */ = {isa = PBXFileReference; lastKnownFileType = sourcecode.swift; path = String.swift; sourceTree = "<group>"; };
		3D5B0DC024379A5000E461DC /* PreviewImageViewController.swift */ = {isa = PBXFileReference; lastKnownFileType = sourcecode.swift; path = PreviewImageViewController.swift; sourceTree = "<group>"; };
		3D5B0DC124379A5000E461DC /* PreviewImageViewController.xib */ = {isa = PBXFileReference; lastKnownFileType = file.xib; path = PreviewImageViewController.xib; sourceTree = "<group>"; };
		3D5B0DC42437A10200E461DC /* UIViewController.swift */ = {isa = PBXFileReference; lastKnownFileType = sourcecode.swift; path = UIViewController.swift; sourceTree = "<group>"; };
		3D5B0DC62437A18E00E461DC /* RootNavigationController.swift */ = {isa = PBXFileReference; lastKnownFileType = sourcecode.swift; path = RootNavigationController.swift; sourceTree = "<group>"; };
		3D5B0DC82437A2E600E461DC /* FadeTransitionAnimator.swift */ = {isa = PBXFileReference; lastKnownFileType = sourcecode.swift; path = FadeTransitionAnimator.swift; sourceTree = "<group>"; };
		3D5B0DCA2437A46A00E461DC /* App.swift */ = {isa = PBXFileReference; lastKnownFileType = sourcecode.swift; path = App.swift; sourceTree = "<group>"; };
		3D5B0DCC2437A94F00E461DC /* ImageLoadService.swift */ = {isa = PBXFileReference; lastKnownFileType = sourcecode.swift; path = ImageLoadService.swift; sourceTree = "<group>"; };
		3DAC33B4243875EF00D4BDDD /* URL.swift */ = {isa = PBXFileReference; lastKnownFileType = sourcecode.swift; path = URL.swift; sourceTree = "<group>"; };
		3DAC33B62438787300D4BDDD /* Date.swift */ = {isa = PBXFileReference; lastKnownFileType = sourcecode.swift; path = Date.swift; sourceTree = "<group>"; };
		3DAC33B824387FDC00D4BDDD /* TopPostsViewModel.swift */ = {isa = PBXFileReference; lastKnownFileType = sourcecode.swift; path = TopPostsViewModel.swift; sourceTree = "<group>"; };
		3DAC33BD2438A34100D4BDDD /* Loadable.swift */ = {isa = PBXFileReference; lastKnownFileType = sourcecode.swift; path = Loadable.swift; sourceTree = "<group>"; };
		3DAC33BF2438C55B00D4BDDD /* PropertyWrapper.swift */ = {isa = PBXFileReference; lastKnownFileType = sourcecode.swift; path = PropertyWrapper.swift; sourceTree = "<group>"; };
		3DAC33C12438C59500D4BDDD /* Typealiases.swift */ = {isa = PBXFileReference; lastKnownFileType = sourcecode.swift; path = Typealiases.swift; sourceTree = "<group>"; };
		3DAC33C42438C60400D4BDDD /* ImageSaveManager.swift */ = {isa = PBXFileReference; lastKnownFileType = sourcecode.swift; path = ImageSaveManager.swift; sourceTree = "<group>"; };
/* End PBXFileReference section */

/* Begin PBXFrameworksBuildPhase section */
		3D5B0D852437456600E461DC /* Frameworks */ = {
			isa = PBXFrameworksBuildPhase;
			buildActionMask = 2147483647;
			files = (
			);
			runOnlyForDeploymentPostprocessing = 0;
		};
/* End PBXFrameworksBuildPhase section */

/* Begin PBXGroup section */
		3D5B0D7F2437456600E461DC = {
			isa = PBXGroup;
			children = (
				3D5B0D8A2437456600E461DC /* RedditTest */,
				3D5B0D892437456600E461DC /* Products */,
			);
			sourceTree = "<group>";
		};
		3D5B0D892437456600E461DC /* Products */ = {
			isa = PBXGroup;
			children = (
				3D5B0D882437456600E461DC /* RedditTest.app */,
			);
			name = Products;
			sourceTree = "<group>";
		};
		3D5B0D8A2437456600E461DC /* RedditTest */ = {
			isa = PBXGroup;
			children = (
				3D5B0D8B2437456600E461DC /* AppDelegate.swift */,
				3D5B0DCA2437A46A00E461DC /* App.swift */,
				3D5B0DB12437799700E461DC /* Extensions */,
				3D5B0D9F24374C8F00E461DC /* Netwroking */,
				3DAC33C32438C5DA00D4BDDD /* Helpers */,
				3DAC33C62438C66100D4BDDD /* ViewControllers */,
				3DAC33CA2438C6A000D4BDDD /* Resourses */,
				3D5B0D992437456700E461DC /* Info.plist */,
			);
			path = RedditTest;
			sourceTree = "<group>";
		};
		3D5B0D9F24374C8F00E461DC /* Netwroking */ = {
			isa = PBXGroup;
			children = (
				3D5B0DA5243760B600E461DC /* Models */,
				3D5B0DA024374CA400E461DC /* RedditAPI.swift */,
			);
			path = Netwroking;
			sourceTree = "<group>";
		};
		3D5B0DA5243760B600E461DC /* Models */ = {
			isa = PBXGroup;
			children = (
				3D5B0DA6243760CD00E461DC /* PostModel.swift */,
			);
			path = Models;
			sourceTree = "<group>";
		};
		3D5B0DAC24376C7F00E461DC /* PostsViewController */ = {
			isa = PBXGroup;
			children = (
				3D5B0DA824376C4600E461DC /* PostsViewController.swift */,
				3D5B0DA924376C4600E461DC /* PostsViewController.xib */,
				3DAC33BB2438801700D4BDDD /* ViewModel */,
				3DAC33BA2438800800D4BDDD /* Cell */,
			);
			path = PostsViewController;
			sourceTree = "<group>";
		};
		3D5B0DB12437799700E461DC /* Extensions */ = {
			isa = PBXGroup;
			children = (
				3D5B0DB2243779A200E461DC /* UITableView.swift */,
				3D5B0DB424377BEC00E461DC /* Collection.swift */,
				3D5B0DB724377D1700E461DC /* Int.swift */,
				3D5B0DBB243780BF00E461DC /* String.swift */,
				3D5B0DB92437800900E461DC /* UIImage.swift */,
				3D5B0DC42437A10200E461DC /* UIViewController.swift */,
				3DAC33B4243875EF00D4BDDD /* URL.swift */,
				3DAC33B62438787300D4BDDD /* Date.swift */,
			);
			path = Extensions;
			sourceTree = "<group>";
		};
		3D5B0DBD24379A2900E461DC /* PreviewImageViewController */ = {
			isa = PBXGroup;
			children = (
				3D5B0DC024379A5000E461DC /* PreviewImageViewController.swift */,
				3D5B0DC124379A5000E461DC /* PreviewImageViewController.xib */,
			);
			path = PreviewImageViewController;
			sourceTree = "<group>";
		};
		3DAC33BA2438800800D4BDDD /* Cell */ = {
			isa = PBXGroup;
			children = (
				3D5B0DAD2437793F00E461DC /* PostCell.swift */,
				3D5B0DAE2437793F00E461DC /* PostCell.xib */,
			);
			path = Cell;
			sourceTree = "<group>";
		};
		3DAC33BB2438801700D4BDDD /* ViewModel */ = {
			isa = PBXGroup;
			children = (
				3DAC33B824387FDC00D4BDDD /* TopPostsViewModel.swift */,
			);
			path = ViewModel;
			sourceTree = "<group>";
		};
		3DAC33C32438C5DA00D4BDDD /* Helpers */ = {
			isa = PBXGroup;
			children = (
				3DAC33C92438C68700D4BDDD /* Animators */,
				3D5B0DCC2437A94F00E461DC /* ImageLoadService.swift */,
				3DAC33BD2438A34100D4BDDD /* Loadable.swift */,
				3DAC33BF2438C55B00D4BDDD /* PropertyWrapper.swift */,
				3DAC33C12438C59500D4BDDD /* Typealiases.swift */,
				3DAC33C42438C60400D4BDDD /* ImageSaveManager.swift */,
			);
			path = Helpers;
			sourceTree = "<group>";
		};
		3DAC33C62438C66100D4BDDD /* ViewControllers */ = {
			isa = PBXGroup;
			children = (
				3D5B0DC62437A18E00E461DC /* RootNavigationController.swift */,
				3D5B0DBD24379A2900E461DC /* PreviewImageViewController */,
				3D5B0DAC24376C7F00E461DC /* PostsViewController */,
			);
			path = ViewControllers;
			sourceTree = "<group>";
		};
		3DAC33C92438C68700D4BDDD /* Animators */ = {
			isa = PBXGroup;
			children = (
				3D5B0DC82437A2E600E461DC /* FadeTransitionAnimator.swift */,
			);
			path = Animators;
			sourceTree = "<group>";
		};
		3DAC33CA2438C6A000D4BDDD /* Resourses */ = {
			isa = PBXGroup;
			children = (
				3D5B0D942437456700E461DC /* Assets.xcassets */,
				3D5B0D962437456700E461DC /* LaunchScreen.storyboard */,
			);
			path = Resourses;
			sourceTree = "<group>";
		};
/* End PBXGroup section */

/* Begin PBXNativeTarget section */
		3D5B0D872437456600E461DC /* RedditTest */ = {
			isa = PBXNativeTarget;
			buildConfigurationList = 3D5B0D9C2437456700E461DC /* Build configuration list for PBXNativeTarget "RedditTest" */;
			buildPhases = (
				3D5B0D842437456600E461DC /* Sources */,
				3D5B0D852437456600E461DC /* Frameworks */,
				3D5B0D862437456600E461DC /* Resources */,
			);
			buildRules = (
			);
			dependencies = (
			);
			name = RedditTest;
			productName = RedditTest;
			productReference = 3D5B0D882437456600E461DC /* RedditTest.app */;
			productType = "com.apple.product-type.application";
		};
/* End PBXNativeTarget section */

/* Begin PBXProject section */
		3D5B0D802437456600E461DC /* Project object */ = {
			isa = PBXProject;
			attributes = {
				LastSwiftUpdateCheck = 1130;
				LastUpgradeCheck = 1130;
				ORGANIZATIONNAME = "Max Vasilevsky";
				TargetAttributes = {
					3D5B0D872437456600E461DC = {
						CreatedOnToolsVersion = 11.3.1;
					};
				};
			};
			buildConfigurationList = 3D5B0D832437456600E461DC /* Build configuration list for PBXProject "RedditTest" */;
			compatibilityVersion = "Xcode 9.3";
			developmentRegion = en;
			hasScannedForEncodings = 0;
			knownRegions = (
				en,
				Base,
			);
			mainGroup = 3D5B0D7F2437456600E461DC;
			productRefGroup = 3D5B0D892437456600E461DC /* Products */;
			projectDirPath = "";
			projectRoot = "";
			targets = (
				3D5B0D872437456600E461DC /* RedditTest */,
			);
		};
/* End PBXProject section */

/* Begin PBXResourcesBuildPhase section */
		3D5B0D862437456600E461DC /* Resources */ = {
			isa = PBXResourcesBuildPhase;
			buildActionMask = 2147483647;
			files = (
				3D5B0D982437456700E461DC /* LaunchScreen.storyboard in Resources */,
				3D5B0D952437456700E461DC /* Assets.xcassets in Resources */,
				3D5B0DAB24376C4600E461DC /* PostsViewController.xib in Resources */,
				3D5B0DB02437793F00E461DC /* PostCell.xib in Resources */,
				3D5B0DC324379A5000E461DC /* PreviewImageViewController.xib in Resources */,
			);
			runOnlyForDeploymentPostprocessing = 0;
		};
/* End PBXResourcesBuildPhase section */

/* Begin PBXSourcesBuildPhase section */
		3D5B0D842437456600E461DC /* Sources */ = {
			isa = PBXSourcesBuildPhase;
			buildActionMask = 2147483647;
			files = (
				3D5B0DA124374CA400E461DC /* RedditAPI.swift in Sources */,
				3D5B0DBC243780BF00E461DC /* String.swift in Sources */,
				3D5B0DC224379A5000E461DC /* PreviewImageViewController.swift in Sources */,
				3DAC33C22438C59500D4BDDD /* Typealiases.swift in Sources */,
				3D5B0DCD2437A94F00E461DC /* ImageLoadService.swift in Sources */,
				3D5B0DBA2437800900E461DC /* UIImage.swift in Sources */,
				3D5B0DA7243760CD00E461DC /* PostModel.swift in Sources */,
				3DAC33C52438C60400D4BDDD /* ImageSaveManager.swift in Sources */,
				3DAC33C02438C55B00D4BDDD /* PropertyWrapper.swift in Sources */,
				3D5B0DCB2437A46A00E461DC /* App.swift in Sources */,
				3D5B0DC72437A18E00E461DC /* RootNavigationController.swift in Sources */,
				3DAC33BE2438A34100D4BDDD /* Loadable.swift in Sources */,
				3D5B0D8C2437456600E461DC /* AppDelegate.swift in Sources */,
				3D5B0DC92437A2E600E461DC /* FadeTransitionAnimator.swift in Sources */,
				3DAC33B5243875EF00D4BDDD /* URL.swift in Sources */,
				3D5B0DC52437A10200E461DC /* UIViewController.swift in Sources */,
				3D5B0DAA24376C4600E461DC /* PostsViewController.swift in Sources */,
				3DAC33B924387FDC00D4BDDD /* TopPostsViewModel.swift in Sources */,
				3D5B0DB524377BEC00E461DC /* Collection.swift in Sources */,
				3D5B0DB824377D1700E461DC /* Int.swift in Sources */,
				3DAC33B72438787300D4BDDD /* Date.swift in Sources */,
				3D5B0DAF2437793F00E461DC /* PostCell.swift in Sources */,
				3D5B0DB3243779A200E461DC /* UITableView.swift in Sources */,
			);
			runOnlyForDeploymentPostprocessing = 0;
		};
/* End PBXSourcesBuildPhase section */

/* Begin PBXVariantGroup section */
		3D5B0D962437456700E461DC /* LaunchScreen.storyboard */ = {
			isa = PBXVariantGroup;
			children = (
				3D5B0D972437456700E461DC /* Base */,
			);
			name = LaunchScreen.storyboard;
			sourceTree = "<group>";
		};
/* End PBXVariantGroup section */

/* Begin XCBuildConfiguration section */
		3D5B0D9A2437456700E461DC /* Debug */ = {
			isa = XCBuildConfiguration;
			buildSettings = {
				ALWAYS_SEARCH_USER_PATHS = NO;
				CLANG_ANALYZER_NONNULL = YES;
				CLANG_ANALYZER_NUMBER_OBJECT_CONVERSION = YES_AGGRESSIVE;
				CLANG_CXX_LANGUAGE_STANDARD = "gnu++14";
				CLANG_CXX_LIBRARY = "libc++";
				CLANG_ENABLE_MODULES = YES;
				CLANG_ENABLE_OBJC_ARC = YES;
				CLANG_ENABLE_OBJC_WEAK = YES;
				CLANG_WARN_BLOCK_CAPTURE_AUTORELEASING = YES;
				CLANG_WARN_BOOL_CONVERSION = YES;
				CLANG_WARN_COMMA = YES;
				CLANG_WARN_CONSTANT_CONVERSION = YES;
				CLANG_WARN_DEPRECATED_OBJC_IMPLEMENTATIONS = YES;
				CLANG_WARN_DIRECT_OBJC_ISA_USAGE = YES_ERROR;
				CLANG_WARN_DOCUMENTATION_COMMENTS = YES;
				CLANG_WARN_EMPTY_BODY = YES;
				CLANG_WARN_ENUM_CONVERSION = YES;
				CLANG_WARN_INFINITE_RECURSION = YES;
				CLANG_WARN_INT_CONVERSION = YES;
				CLANG_WARN_NON_LITERAL_NULL_CONVERSION = YES;
				CLANG_WARN_OBJC_IMPLICIT_RETAIN_SELF = YES;
				CLANG_WARN_OBJC_LITERAL_CONVERSION = YES;
				CLANG_WARN_OBJC_ROOT_CLASS = YES_ERROR;
				CLANG_WARN_RANGE_LOOP_ANALYSIS = YES;
				CLANG_WARN_STRICT_PROTOTYPES = YES;
				CLANG_WARN_SUSPICIOUS_MOVE = YES;
				CLANG_WARN_UNGUARDED_AVAILABILITY = YES_AGGRESSIVE;
				CLANG_WARN_UNREACHABLE_CODE = YES;
				CLANG_WARN__DUPLICATE_METHOD_MATCH = YES;
				COPY_PHASE_STRIP = NO;
				DEBUG_INFORMATION_FORMAT = dwarf;
				ENABLE_STRICT_OBJC_MSGSEND = YES;
				ENABLE_TESTABILITY = YES;
				GCC_C_LANGUAGE_STANDARD = gnu11;
				GCC_DYNAMIC_NO_PIC = NO;
				GCC_NO_COMMON_BLOCKS = YES;
				GCC_OPTIMIZATION_LEVEL = 0;
				GCC_PREPROCESSOR_DEFINITIONS = (
					"DEBUG=1",
					"$(inherited)",
				);
				GCC_WARN_64_TO_32_BIT_CONVERSION = YES;
				GCC_WARN_ABOUT_RETURN_TYPE = YES_ERROR;
				GCC_WARN_UNDECLARED_SELECTOR = YES;
				GCC_WARN_UNINITIALIZED_AUTOS = YES_AGGRESSIVE;
				GCC_WARN_UNUSED_FUNCTION = YES;
				GCC_WARN_UNUSED_VARIABLE = YES;
				IPHONEOS_DEPLOYMENT_TARGET = 13.2;
				MTL_ENABLE_DEBUG_INFO = INCLUDE_SOURCE;
				MTL_FAST_MATH = YES;
				ONLY_ACTIVE_ARCH = YES;
				SDKROOT = iphoneos;
				SWIFT_ACTIVE_COMPILATION_CONDITIONS = DEBUG;
				SWIFT_OPTIMIZATION_LEVEL = "-Onone";
			};
			name = Debug;
		};
		3D5B0D9B2437456700E461DC /* Release */ = {
			isa = XCBuildConfiguration;
			buildSettings = {
				ALWAYS_SEARCH_USER_PATHS = NO;
				CLANG_ANALYZER_NONNULL = YES;
				CLANG_ANALYZER_NUMBER_OBJECT_CONVERSION = YES_AGGRESSIVE;
				CLANG_CXX_LANGUAGE_STANDARD = "gnu++14";
				CLANG_CXX_LIBRARY = "libc++";
				CLANG_ENABLE_MODULES = YES;
				CLANG_ENABLE_OBJC_ARC = YES;
				CLANG_ENABLE_OBJC_WEAK = YES;
				CLANG_WARN_BLOCK_CAPTURE_AUTORELEASING = YES;
				CLANG_WARN_BOOL_CONVERSION = YES;
				CLANG_WARN_COMMA = YES;
				CLANG_WARN_CONSTANT_CONVERSION = YES;
				CLANG_WARN_DEPRECATED_OBJC_IMPLEMENTATIONS = YES;
				CLANG_WARN_DIRECT_OBJC_ISA_USAGE = YES_ERROR;
				CLANG_WARN_DOCUMENTATION_COMMENTS = YES;
				CLANG_WARN_EMPTY_BODY = YES;
				CLANG_WARN_ENUM_CONVERSION = YES;
				CLANG_WARN_INFINITE_RECURSION = YES;
				CLANG_WARN_INT_CONVERSION = YES;
				CLANG_WARN_NON_LITERAL_NULL_CONVERSION = YES;
				CLANG_WARN_OBJC_IMPLICIT_RETAIN_SELF = YES;
				CLANG_WARN_OBJC_LITERAL_CONVERSION = YES;
				CLANG_WARN_OBJC_ROOT_CLASS = YES_ERROR;
				CLANG_WARN_RANGE_LOOP_ANALYSIS = YES;
				CLANG_WARN_STRICT_PROTOTYPES = YES;
				CLANG_WARN_SUSPICIOUS_MOVE = YES;
				CLANG_WARN_UNGUARDED_AVAILABILITY = YES_AGGRESSIVE;
				CLANG_WARN_UNREACHABLE_CODE = YES;
				CLANG_WARN__DUPLICATE_METHOD_MATCH = YES;
				COPY_PHASE_STRIP = NO;
				DEBUG_INFORMATION_FORMAT = "dwarf-with-dsym";
				ENABLE_NS_ASSERTIONS = NO;
				ENABLE_STRICT_OBJC_MSGSEND = YES;
				GCC_C_LANGUAGE_STANDARD = gnu11;
				GCC_NO_COMMON_BLOCKS = YES;
				GCC_WARN_64_TO_32_BIT_CONVERSION = YES;
				GCC_WARN_ABOUT_RETURN_TYPE = YES_ERROR;
				GCC_WARN_UNDECLARED_SELECTOR = YES;
				GCC_WARN_UNINITIALIZED_AUTOS = YES_AGGRESSIVE;
				GCC_WARN_UNUSED_FUNCTION = YES;
				GCC_WARN_UNUSED_VARIABLE = YES;
				IPHONEOS_DEPLOYMENT_TARGET = 13.2;
				MTL_ENABLE_DEBUG_INFO = NO;
				MTL_FAST_MATH = YES;
				SDKROOT = iphoneos;
				SWIFT_COMPILATION_MODE = wholemodule;
				SWIFT_OPTIMIZATION_LEVEL = "-O";
				VALIDATE_PRODUCT = YES;
			};
			name = Release;
		};
		3D5B0D9D2437456700E461DC /* Debug */ = {
			isa = XCBuildConfiguration;
			buildSettings = {
				ASSETCATALOG_COMPILER_APPICON_NAME = AppIcon;
				CODE_SIGN_STYLE = Automatic;
				DEVELOPMENT_TEAM = 6GPBT9MDQP;
				INFOPLIST_FILE = RedditTest/Info.plist;
				LD_RUNPATH_SEARCH_PATHS = (
					"$(inherited)",
					"@executable_path/Frameworks",
				);
				PRODUCT_BUNDLE_IDENTIFIER = com.redditest.RedditTest;
				PRODUCT_NAME = "$(TARGET_NAME)";
				SWIFT_VERSION = 5.0;
				TARGETED_DEVICE_FAMILY = "1,2";
			};
			name = Debug;
		};
		3D5B0D9E2437456700E461DC /* Release */ = {
			isa = XCBuildConfiguration;
			buildSettings = {
				ASSETCATALOG_COMPILER_APPICON_NAME = AppIcon;
				CODE_SIGN_STYLE = Automatic;
				DEVELOPMENT_TEAM = 6GPBT9MDQP;
				INFOPLIST_FILE = RedditTest/Info.plist;
				LD_RUNPATH_SEARCH_PATHS = (
					"$(inherited)",
					"@executable_path/Frameworks",
				);
				PRODUCT_BUNDLE_IDENTIFIER = com.redditest.RedditTest;
				PRODUCT_NAME = "$(TARGET_NAME)";
				SWIFT_VERSION = 5.0;
				TARGETED_DEVICE_FAMILY = "1,2";
			};
			name = Release;
		};
/* End XCBuildConfiguration section */

/* Begin XCConfigurationList section */
		3D5B0D832437456600E461DC /* Build configuration list for PBXProject "RedditTest" */ = {
			isa = XCConfigurationList;
			buildConfigurations = (
				3D5B0D9A2437456700E461DC /* Debug */,
				3D5B0D9B2437456700E461DC /* Release */,
			);
			defaultConfigurationIsVisible = 0;
			defaultConfigurationName = Release;
		};
		3D5B0D9C2437456700E461DC /* Build configuration list for PBXNativeTarget "RedditTest" */ = {
			isa = XCConfigurationList;
			buildConfigurations = (
				3D5B0D9D2437456700E461DC /* Debug */,
				3D5B0D9E2437456700E461DC /* Release */,
			);
			defaultConfigurationIsVisible = 0;
			defaultConfigurationName = Release;
		};
/* End XCConfigurationList section */
	};
	rootObject = 3D5B0D802437456600E461DC /* Project object */;
}
